// !$*UTF8*$!
{
	archiveVersion = 1;
	classes = {
	};
	objectVersion = 55;
	objects = {

/* Begin PBXBuildFile section */
		AB1D12D629019E1B003C7E3B /* FSNMProductTagView.swift in Sources */ = {isa = PBXBuildFile; fileRef = AB1D12D529019E1B003C7E3B /* FSNMProductTagView.swift */; };
		AB1D12D82902A597003C7E3B /* FSNM.swift in Sources */ = {isa = PBXBuildFile; fileRef = AB1D12D72902A597003C7E3B /* FSNM.swift */; };
		AB1D12DA2903D1B8003C7E3B /* FSNMListView.swift in Sources */ = {isa = PBXBuildFile; fileRef = AB1D12D92903D1B8003C7E3B /* FSNMListView.swift */; };
		AB1D12DC2903FAA5003C7E3B /* FSNMDictView.swift in Sources */ = {isa = PBXBuildFile; fileRef = AB1D12DB2903FAA5003C7E3B /* FSNMDictView.swift */; };
		AB1D133C29042AED003C7E3B /* FSNMDictElementView.swift in Sources */ = {isa = PBXBuildFile; fileRef = AB1D133B29042AED003C7E3B /* FSNMDictElementView.swift */; };
		AB1D133E29042ED1003C7E3B /* FSNMInput.swift in Sources */ = {isa = PBXBuildFile; fileRef = AB1D133D29042ED1003C7E3B /* FSNMInput.swift */; };
		AB1D134329057541003C7E3B /* Collections in Frameworks */ = {isa = PBXBuildFile; productRef = AB1D134229057541003C7E3B /* Collections */; };
		AB1D134529057541003C7E3B /* DequeModule in Frameworks */ = {isa = PBXBuildFile; productRef = AB1D134429057541003C7E3B /* DequeModule */; };
		AB1D134729057541003C7E3B /* OrderedCollections in Frameworks */ = {isa = PBXBuildFile; productRef = AB1D134629057541003C7E3B /* OrderedCollections */; };
		AB620E6A28FD483500D144A7 /* FSNMPingURLTests.swift in Sources */ = {isa = PBXBuildFile; fileRef = AB620E5B28FD478B00D144A7 /* FSNMPingURLTests.swift */; };
		AB620E6C28FD570600D144A7 /* FSNMStatsURLTests.swift in Sources */ = {isa = PBXBuildFile; fileRef = AB620E6B28FD570600D144A7 /* FSNMStatsURLTests.swift */; };
		AB620E7028FD58A900D144A7 /* FSNMProductsURLTests.swift in Sources */ = {isa = PBXBuildFile; fileRef = AB620E6F28FD58A900D144A7 /* FSNMProductsURLTests.swift */; };
		AB620E7228FD598B00D144A7 /* FSNMProductTagHierarchyTests.swift in Sources */ = {isa = PBXBuildFile; fileRef = AB620E7128FD598B00D144A7 /* FSNMProductTagHierarchyTests.swift */; };
		AB620E7428FD5D5C00D144A7 /* FSNMProductTagsURLTests.swift in Sources */ = {isa = PBXBuildFile; fileRef = AB620E7328FD5D5C00D144A7 /* FSNMProductTagsURLTests.swift */; };
		AB620E7628FD5EBC00D144A7 /* FSNMKeysURLTests.swift in Sources */ = {isa = PBXBuildFile; fileRef = AB620E7528FD5EBC00D144A7 /* FSNMKeysURLTests.swift */; };
		AB620E7828FD631B00D144A7 /* FSNMProductTagVersionsURLTests.swift in Sources */ = {isa = PBXBuildFile; fileRef = AB620E7728FD631B00D144A7 /* FSNMProductTagVersionsURLTests.swift */; };
		AB6EB412290BC89500ED4322 /* FSNMPostProductTag.swift in Sources */ = {isa = PBXBuildFile; fileRef = AB6EB411290BC89500ED4322 /* FSNMPostProductTag.swift */; };
		AB92329C2909762900B2BF15 /* AuthController.swift in Sources */ = {isa = PBXBuildFile; fileRef = AB92329B2909762900B2BF15 /* AuthController.swift */; };
		AB92329E290A8B5000B2BF15 /* FSNMStatsOwnerView.swift in Sources */ = {isa = PBXBuildFile; fileRef = AB92329D290A8B5000B2BF15 /* FSNMStatsOwnerView.swift */; };
		AB9232A0290AE78D00B2BF15 /* FSNMPostProduct.swift in Sources */ = {isa = PBXBuildFile; fileRef = AB92329F290AE78D00B2BF15 /* FSNMPostProduct.swift */; };
		AB93C67628F85D1D00336E71 /* OFFFolksonomyApp.swift in Sources */ = {isa = PBXBuildFile; fileRef = AB93C67528F85D1D00336E71 /* OFFFolksonomyApp.swift */; };
		AB93C67828F85D1D00336E71 /* FSNMProductTagsView.swift in Sources */ = {isa = PBXBuildFile; fileRef = AB93C67728F85D1D00336E71 /* FSNMProductTagsView.swift */; };
		AB93C67A28F85D1E00336E71 /* Assets.xcassets in Resources */ = {isa = PBXBuildFile; fileRef = AB93C67928F85D1E00336E71 /* Assets.xcassets */; };
		AB93C67D28F85D1E00336E71 /* Preview Assets.xcassets in Resources */ = {isa = PBXBuildFile; fileRef = AB93C67C28F85D1E00336E71 /* Preview Assets.xcassets */; };
		ABE380902916B0A7005C75ED /* FSNMHelloView.swift in Sources */ = {isa = PBXBuildFile; fileRef = ABE3808F2916B0A7005C75ED /* FSNMHelloView.swift */; };
		ABE380922916B1BC005C75ED /* FSNMHello.swift in Sources */ = {isa = PBXBuildFile; fileRef = ABE380912916B1BC005C75ED /* FSNMHello.swift */; };
		ABE380942916C249005C75ED /* FSNMDeleteView.swift in Sources */ = {isa = PBXBuildFile; fileRef = ABE380932916C249005C75ED /* FSNMDeleteView.swift */; };
		ABE380962916C44E005C75ED /* FSNMDeleteTag.swift in Sources */ = {isa = PBXBuildFile; fileRef = ABE380952916C44E005C75ED /* FSNMDeleteTag.swift */; };
		ABE380982917B5F7005C75ED /* FSNMDeleteURLTTests.swift in Sources */ = {isa = PBXBuildFile; fileRef = ABE380972917B5F7005C75ED /* FSNMDeleteURLTTests.swift */; };
		ABE3809A2917C913005C75ED /* FSNMPostURLTests.swift in Sources */ = {isa = PBXBuildFile; fileRef = ABE380992917C913005C75ED /* FSNMPostURLTests.swift */; };
		ABE3809C2917F765005C75ED /* FSNMPutTag.swift in Sources */ = {isa = PBXBuildFile; fileRef = ABE3809B2917F765005C75ED /* FSNMPutTag.swift */; };
		ABE50A9928FF140400049C02 /* FSNMPingAPITest.swift in Sources */ = {isa = PBXBuildFile; fileRef = ABE50A9828FF140400049C02 /* FSNMPingAPITest.swift */; };
		ABE50A9E28FFE69400049C02 /* FSNMPingView.swift in Sources */ = {isa = PBXBuildFile; fileRef = ABE50A9D28FFE69400049C02 /* FSNMPingView.swift */; };
		ABE50AA128FFEBF000049C02 /* FSNMView.swift in Sources */ = {isa = PBXBuildFile; fileRef = ABE50AA028FFEBF000049C02 /* FSNMView.swift */; };
		ABE50AA52900058800049C02 /* FSNMStatsAPITest.swift in Sources */ = {isa = PBXBuildFile; fileRef = ABE50AA42900058800049C02 /* FSNMStatsAPITest.swift */; };
		ABE50AA72900187600049C02 /* FSNMStatsOverView.swift in Sources */ = {isa = PBXBuildFile; fileRef = ABE50AA62900187600049C02 /* FSNMStatsOverView.swift */; };
		ABE50AAB29003C4900049C02 /* FSNMProductsAPITest.swift in Sources */ = {isa = PBXBuildFile; fileRef = ABE50AAA29003C4900049C02 /* FSNMProductsAPITest.swift */; };
		ABE50AAD29003D3C00049C02 /* FSNMProductsKeyView.swift in Sources */ = {isa = PBXBuildFile; fileRef = ABE50AAC29003D3C00049C02 /* FSNMProductsKeyView.swift */; };
		ABE5102429003FBF00706F7D /* FSNMProducts.swift in Sources */ = {isa = PBXBuildFile; fileRef = ABE5101929003FBF00706F7D /* FSNMProducts.swift */; };
		ABE5102629003FBF00706F7D /* FSNMProductTags.swift in Sources */ = {isa = PBXBuildFile; fileRef = ABE5101B29003FBF00706F7D /* FSNMProductTags.swift */; };
		ABE5102729003FBF00706F7D /* FSNMPing.swift in Sources */ = {isa = PBXBuildFile; fileRef = ABE5101C29003FBF00706F7D /* FSNMPing.swift */; };
		ABE5102829003FBF00706F7D /* FSNMStats.swift in Sources */ = {isa = PBXBuildFile; fileRef = ABE5101D29003FBF00706F7D /* FSNMStats.swift */; };
		ABE5102B29003FBF00706F7D /* OFFAPI.swift in Sources */ = {isa = PBXBuildFile; fileRef = ABE5102129003FBF00706F7D /* OFFAPI.swift */; };
		ABE5102C29003FBF00706F7D /* OFFProductType.swift in Sources */ = {isa = PBXBuildFile; fileRef = ABE5102229003FBF00706F7D /* OFFProductType.swift */; };
		ABE5102D29003FBF00706F7D /* OFFBarcode.swift in Sources */ = {isa = PBXBuildFile; fileRef = ABE5102329003FBF00706F7D /* OFFBarcode.swift */; };
		ABE5102F290041C900706F7D /* FSNMKeysAPITest.swift in Sources */ = {isa = PBXBuildFile; fileRef = ABE5102E290041C900706F7D /* FSNMKeysAPITest.swift */; };
		ABE51031290042F100706F7D /* FSNMKeysView.swift in Sources */ = {isa = PBXBuildFile; fileRef = ABE51030290042F100706F7D /* FSNMKeysView.swift */; };
		ABE510332900441200706F7D /* FSNMProductTagVersions.swift in Sources */ = {isa = PBXBuildFile; fileRef = ABE510322900441200706F7D /* FSNMProductTagVersions.swift */; };
		ABE510352900560F00706F7D /* FSNMProductTagVersionAPITest.swift in Sources */ = {isa = PBXBuildFile; fileRef = ABE510342900560F00706F7D /* FSNMProductTagVersionAPITest.swift */; };
		ABE5103929005F4700706F7D /* FSNMProductTagVersionsView.swift in Sources */ = {isa = PBXBuildFile; fileRef = ABE5103829005F4700706F7D /* FSNMProductTagVersionsView.swift */; };
		ABE5103B2900676F00706F7D /* FSNMProductTagsAPITest.swift in Sources */ = {isa = PBXBuildFile; fileRef = ABE5103A2900676F00706F7D /* FSNMProductTagsAPITest.swift */; };
		ABE510402901298F00706F7D /* FSNMPingTest.swift in Sources */ = {isa = PBXBuildFile; fileRef = ABE5103F2901298F00706F7D /* FSNMPingTest.swift */; };
		ABE510422901326800706F7D /* FSNMStatsTest.swift in Sources */ = {isa = PBXBuildFile; fileRef = ABE510412901326800706F7D /* FSNMStatsTest.swift */; };
		ABE5104429013D2400706F7D /* FSNMKeys.swift in Sources */ = {isa = PBXBuildFile; fileRef = ABE5101A29003FBF00706F7D /* FSNMKeys.swift */; };
		ABE510472901675F00706F7D /* FSNMStatsKeyView.swift in Sources */ = {isa = PBXBuildFile; fileRef = ABE510462901675F00706F7D /* FSNMStatsKeyView.swift */; };
		ABE51049290169C800706F7D /* FSNMStatsKeyValueView.swift in Sources */ = {isa = PBXBuildFile; fileRef = ABE51048290169C800706F7D /* FSNMStatsKeyValueView.swift */; };
		ABE5104C29017A0E00706F7D /* FSNMKeysOverView.swift in Sources */ = {isa = PBXBuildFile; fileRef = ABE5104B29017A0E00706F7D /* FSNMKeysOverView.swift */; };
		ABE5104F29018E5400706F7D /* FSNMProductsOverView.swift in Sources */ = {isa = PBXBuildFile; fileRef = ABE5104E29018E5400706F7D /* FSNMProductsOverView.swift */; };
		ABE510512901901400706F7D /* FSNMProductsKeyValueView.swift in Sources */ = {isa = PBXBuildFile; fileRef = ABE510502901901400706F7D /* FSNMProductsKeyValueView.swift */; };
		ABE510542901915D00706F7D /* FSNMProductTagVersionsOverView.swift in Sources */ = {isa = PBXBuildFile; fileRef = ABE510532901915D00706F7D /* FSNMProductTagVersionsOverView.swift */; };
		ABE51057290196AF00706F7D /* FSNMProductTagsOverView.swift in Sources */ = {isa = PBXBuildFile; fileRef = ABE51056290196AF00706F7D /* FSNMProductTagsOverView.swift */; };
		ABF847BA2906D25300A20CF7 /* FSNMAuth.swift in Sources */ = {isa = PBXBuildFile; fileRef = ABF847B92906D25300A20CF7 /* FSNMAuth.swift */; };
		ABF847BC2906D8D300A20CF7 /* FSNMAuthView.swift in Sources */ = {isa = PBXBuildFile; fileRef = ABF847BB2906D8D300A20CF7 /* FSNMAuthView.swift */; };
		ABF847BE2906E18700A20CF7 /* FSNMAuthURLTests.swift in Sources */ = {isa = PBXBuildFile; fileRef = ABF847BD2906E18700A20CF7 /* FSNMAuthURLTests.swift */; };
		ABF847C0290811F200A20CF7 /* HTTPLibrary.swift in Sources */ = {isa = PBXBuildFile; fileRef = ABF847BF290811F200A20CF7 /* HTTPLibrary.swift */; };
/* End PBXBuildFile section */

/* Begin PBXContainerItemProxy section */
		AB620E6528FD482E00D144A7 /* PBXContainerItemProxy */ = {
			isa = PBXContainerItemProxy;
			containerPortal = AB93C66A28F85D1D00336E71 /* Project object */;
			proxyType = 1;
			remoteGlobalIDString = AB93C67128F85D1D00336E71;
			remoteInfo = OFFFolksonomy;
		};
/* End PBXContainerItemProxy section */

/* Begin PBXFileReference section */
		AB1D12D529019E1B003C7E3B /* FSNMProductTagView.swift */ = {isa = PBXFileReference; lastKnownFileType = sourcecode.swift; path = FSNMProductTagView.swift; sourceTree = "<group>"; };
		AB1D12D72902A597003C7E3B /* FSNM.swift */ = {isa = PBXFileReference; lastKnownFileType = sourcecode.swift; path = FSNM.swift; sourceTree = "<group>"; };
		AB1D12D92903D1B8003C7E3B /* FSNMListView.swift */ = {isa = PBXFileReference; lastKnownFileType = sourcecode.swift; path = FSNMListView.swift; sourceTree = "<group>"; };
		AB1D12DB2903FAA5003C7E3B /* FSNMDictView.swift */ = {isa = PBXFileReference; lastKnownFileType = sourcecode.swift; path = FSNMDictView.swift; sourceTree = "<group>"; };
		AB1D133B29042AED003C7E3B /* FSNMDictElementView.swift */ = {isa = PBXFileReference; lastKnownFileType = sourcecode.swift; path = FSNMDictElementView.swift; sourceTree = "<group>"; };
		AB1D133D29042ED1003C7E3B /* FSNMInput.swift */ = {isa = PBXFileReference; lastKnownFileType = sourcecode.swift; path = FSNMInput.swift; sourceTree = "<group>"; };
		AB620E5B28FD478B00D144A7 /* FSNMPingURLTests.swift */ = {isa = PBXFileReference; lastKnownFileType = sourcecode.swift; path = FSNMPingURLTests.swift; sourceTree = "<group>"; };
		AB620E6128FD482E00D144A7 /* OFFFolksonomyTests.xctest */ = {isa = PBXFileReference; explicitFileType = wrapper.cfbundle; includeInIndex = 0; path = OFFFolksonomyTests.xctest; sourceTree = BUILT_PRODUCTS_DIR; };
		AB620E6B28FD570600D144A7 /* FSNMStatsURLTests.swift */ = {isa = PBXFileReference; lastKnownFileType = sourcecode.swift; path = FSNMStatsURLTests.swift; sourceTree = "<group>"; };
		AB620E6F28FD58A900D144A7 /* FSNMProductsURLTests.swift */ = {isa = PBXFileReference; lastKnownFileType = sourcecode.swift; path = FSNMProductsURLTests.swift; sourceTree = "<group>"; };
		AB620E7128FD598B00D144A7 /* FSNMProductTagHierarchyTests.swift */ = {isa = PBXFileReference; lastKnownFileType = sourcecode.swift; path = FSNMProductTagHierarchyTests.swift; sourceTree = "<group>"; };
		AB620E7328FD5D5C00D144A7 /* FSNMProductTagsURLTests.swift */ = {isa = PBXFileReference; lastKnownFileType = sourcecode.swift; path = FSNMProductTagsURLTests.swift; sourceTree = "<group>"; };
		AB620E7528FD5EBC00D144A7 /* FSNMKeysURLTests.swift */ = {isa = PBXFileReference; lastKnownFileType = sourcecode.swift; path = FSNMKeysURLTests.swift; sourceTree = "<group>"; };
		AB620E7728FD631B00D144A7 /* FSNMProductTagVersionsURLTests.swift */ = {isa = PBXFileReference; lastKnownFileType = sourcecode.swift; path = FSNMProductTagVersionsURLTests.swift; sourceTree = "<group>"; };
		AB6EB411290BC89500ED4322 /* FSNMPostProductTag.swift */ = {isa = PBXFileReference; lastKnownFileType = sourcecode.swift; path = FSNMPostProductTag.swift; sourceTree = "<group>"; };
		AB92329B2909762900B2BF15 /* AuthController.swift */ = {isa = PBXFileReference; lastKnownFileType = sourcecode.swift; path = AuthController.swift; sourceTree = "<group>"; };
		AB92329D290A8B5000B2BF15 /* FSNMStatsOwnerView.swift */ = {isa = PBXFileReference; lastKnownFileType = sourcecode.swift; path = FSNMStatsOwnerView.swift; sourceTree = "<group>"; };
		AB92329F290AE78D00B2BF15 /* FSNMPostProduct.swift */ = {isa = PBXFileReference; lastKnownFileType = sourcecode.swift; path = FSNMPostProduct.swift; sourceTree = "<group>"; };
		AB93C67228F85D1D00336E71 /* OFFFolksonomy.app */ = {isa = PBXFileReference; explicitFileType = wrapper.application; includeInIndex = 0; path = OFFFolksonomy.app; sourceTree = BUILT_PRODUCTS_DIR; };
		AB93C67528F85D1D00336E71 /* OFFFolksonomyApp.swift */ = {isa = PBXFileReference; lastKnownFileType = sourcecode.swift; path = OFFFolksonomyApp.swift; sourceTree = "<group>"; };
		AB93C67728F85D1D00336E71 /* FSNMProductTagsView.swift */ = {isa = PBXFileReference; lastKnownFileType = sourcecode.swift; path = FSNMProductTagsView.swift; sourceTree = "<group>"; };
		AB93C67928F85D1E00336E71 /* Assets.xcassets */ = {isa = PBXFileReference; lastKnownFileType = folder.assetcatalog; path = Assets.xcassets; sourceTree = "<group>"; };
		AB93C67C28F85D1E00336E71 /* Preview Assets.xcassets */ = {isa = PBXFileReference; lastKnownFileType = folder.assetcatalog; path = "Preview Assets.xcassets"; sourceTree = "<group>"; };
		AB93C68F28F941B400336E71 /* README.md */ = {isa = PBXFileReference; lastKnownFileType = net.daringfireball.markdown; path = README.md; sourceTree = "<group>"; };
		ABE3808F2916B0A7005C75ED /* FSNMHelloView.swift */ = {isa = PBXFileReference; lastKnownFileType = sourcecode.swift; path = FSNMHelloView.swift; sourceTree = "<group>"; };
		ABE380912916B1BC005C75ED /* FSNMHello.swift */ = {isa = PBXFileReference; lastKnownFileType = sourcecode.swift; path = FSNMHello.swift; sourceTree = "<group>"; };
		ABE380932916C249005C75ED /* FSNMDeleteView.swift */ = {isa = PBXFileReference; lastKnownFileType = sourcecode.swift; path = FSNMDeleteView.swift; sourceTree = "<group>"; };
		ABE380952916C44E005C75ED /* FSNMDeleteTag.swift */ = {isa = PBXFileReference; lastKnownFileType = sourcecode.swift; path = FSNMDeleteTag.swift; sourceTree = "<group>"; };
		ABE380972917B5F7005C75ED /* FSNMDeleteURLTTests.swift */ = {isa = PBXFileReference; lastKnownFileType = sourcecode.swift; path = FSNMDeleteURLTTests.swift; sourceTree = "<group>"; };
		ABE380992917C913005C75ED /* FSNMPostURLTests.swift */ = {isa = PBXFileReference; lastKnownFileType = sourcecode.swift; path = FSNMPostURLTests.swift; sourceTree = "<group>"; };
		ABE3809B2917F765005C75ED /* FSNMPutTag.swift */ = {isa = PBXFileReference; lastKnownFileType = sourcecode.swift; path = FSNMPutTag.swift; sourceTree = "<group>"; };
		ABE50A9828FF140400049C02 /* FSNMPingAPITest.swift */ = {isa = PBXFileReference; lastKnownFileType = sourcecode.swift; path = FSNMPingAPITest.swift; sourceTree = "<group>"; };
		ABE50A9D28FFE69400049C02 /* FSNMPingView.swift */ = {isa = PBXFileReference; lastKnownFileType = sourcecode.swift; path = FSNMPingView.swift; sourceTree = "<group>"; };
		ABE50AA028FFEBF000049C02 /* FSNMView.swift */ = {isa = PBXFileReference; lastKnownFileType = sourcecode.swift; path = FSNMView.swift; sourceTree = "<group>"; };
		ABE50AA42900058800049C02 /* FSNMStatsAPITest.swift */ = {isa = PBXFileReference; lastKnownFileType = sourcecode.swift; path = FSNMStatsAPITest.swift; sourceTree = "<group>"; };
		ABE50AA62900187600049C02 /* FSNMStatsOverView.swift */ = {isa = PBXFileReference; lastKnownFileType = sourcecode.swift; path = FSNMStatsOverView.swift; sourceTree = "<group>"; };
		ABE50AAA29003C4900049C02 /* FSNMProductsAPITest.swift */ = {isa = PBXFileReference; lastKnownFileType = sourcecode.swift; path = FSNMProductsAPITest.swift; sourceTree = "<group>"; };
		ABE50AAC29003D3C00049C02 /* FSNMProductsKeyView.swift */ = {isa = PBXFileReference; lastKnownFileType = sourcecode.swift; path = FSNMProductsKeyView.swift; sourceTree = "<group>"; };
		ABE5101929003FBF00706F7D /* FSNMProducts.swift */ = {isa = PBXFileReference; fileEncoding = 4; lastKnownFileType = sourcecode.swift; path = FSNMProducts.swift; sourceTree = "<group>"; };
		ABE5101A29003FBF00706F7D /* FSNMKeys.swift */ = {isa = PBXFileReference; fileEncoding = 4; lastKnownFileType = sourcecode.swift; path = FSNMKeys.swift; sourceTree = "<group>"; };
		ABE5101B29003FBF00706F7D /* FSNMProductTags.swift */ = {isa = PBXFileReference; fileEncoding = 4; lastKnownFileType = sourcecode.swift; path = FSNMProductTags.swift; sourceTree = "<group>"; };
		ABE5101C29003FBF00706F7D /* FSNMPing.swift */ = {isa = PBXFileReference; fileEncoding = 4; lastKnownFileType = sourcecode.swift; path = FSNMPing.swift; sourceTree = "<group>"; };
		ABE5101D29003FBF00706F7D /* FSNMStats.swift */ = {isa = PBXFileReference; fileEncoding = 4; lastKnownFileType = sourcecode.swift; path = FSNMStats.swift; sourceTree = "<group>"; };
		ABE5102129003FBF00706F7D /* OFFAPI.swift */ = {isa = PBXFileReference; fileEncoding = 4; lastKnownFileType = sourcecode.swift; path = OFFAPI.swift; sourceTree = "<group>"; };
		ABE5102229003FBF00706F7D /* OFFProductType.swift */ = {isa = PBXFileReference; fileEncoding = 4; lastKnownFileType = sourcecode.swift; path = OFFProductType.swift; sourceTree = "<group>"; };
		ABE5102329003FBF00706F7D /* OFFBarcode.swift */ = {isa = PBXFileReference; fileEncoding = 4; lastKnownFileType = sourcecode.swift; path = OFFBarcode.swift; sourceTree = "<group>"; };
		ABE5102E290041C900706F7D /* FSNMKeysAPITest.swift */ = {isa = PBXFileReference; lastKnownFileType = sourcecode.swift; path = FSNMKeysAPITest.swift; sourceTree = "<group>"; };
		ABE51030290042F100706F7D /* FSNMKeysView.swift */ = {isa = PBXFileReference; lastKnownFileType = sourcecode.swift; path = FSNMKeysView.swift; sourceTree = "<group>"; };
		ABE510322900441200706F7D /* FSNMProductTagVersions.swift */ = {isa = PBXFileReference; lastKnownFileType = sourcecode.swift; path = FSNMProductTagVersions.swift; sourceTree = "<group>"; };
		ABE510342900560F00706F7D /* FSNMProductTagVersionAPITest.swift */ = {isa = PBXFileReference; lastKnownFileType = sourcecode.swift; path = FSNMProductTagVersionAPITest.swift; sourceTree = "<group>"; };
		ABE5103829005F4700706F7D /* FSNMProductTagVersionsView.swift */ = {isa = PBXFileReference; lastKnownFileType = sourcecode.swift; path = FSNMProductTagVersionsView.swift; sourceTree = "<group>"; };
		ABE5103A2900676F00706F7D /* FSNMProductTagsAPITest.swift */ = {isa = PBXFileReference; lastKnownFileType = sourcecode.swift; path = FSNMProductTagsAPITest.swift; sourceTree = "<group>"; };
		ABE5103F2901298F00706F7D /* FSNMPingTest.swift */ = {isa = PBXFileReference; lastKnownFileType = sourcecode.swift; path = FSNMPingTest.swift; sourceTree = "<group>"; };
		ABE510412901326800706F7D /* FSNMStatsTest.swift */ = {isa = PBXFileReference; lastKnownFileType = sourcecode.swift; path = FSNMStatsTest.swift; sourceTree = "<group>"; };
		ABE510462901675F00706F7D /* FSNMStatsKeyView.swift */ = {isa = PBXFileReference; lastKnownFileType = sourcecode.swift; path = FSNMStatsKeyView.swift; sourceTree = "<group>"; };
		ABE51048290169C800706F7D /* FSNMStatsKeyValueView.swift */ = {isa = PBXFileReference; lastKnownFileType = sourcecode.swift; path = FSNMStatsKeyValueView.swift; sourceTree = "<group>"; };
		ABE5104B29017A0E00706F7D /* FSNMKeysOverView.swift */ = {isa = PBXFileReference; lastKnownFileType = sourcecode.swift; path = FSNMKeysOverView.swift; sourceTree = "<group>"; };
		ABE5104E29018E5400706F7D /* FSNMProductsOverView.swift */ = {isa = PBXFileReference; lastKnownFileType = sourcecode.swift; path = FSNMProductsOverView.swift; sourceTree = "<group>"; };
		ABE510502901901400706F7D /* FSNMProductsKeyValueView.swift */ = {isa = PBXFileReference; lastKnownFileType = sourcecode.swift; path = FSNMProductsKeyValueView.swift; sourceTree = "<group>"; };
		ABE510532901915D00706F7D /* FSNMProductTagVersionsOverView.swift */ = {isa = PBXFileReference; lastKnownFileType = sourcecode.swift; path = FSNMProductTagVersionsOverView.swift; sourceTree = "<group>"; };
		ABE51056290196AF00706F7D /* FSNMProductTagsOverView.swift */ = {isa = PBXFileReference; lastKnownFileType = sourcecode.swift; path = FSNMProductTagsOverView.swift; sourceTree = "<group>"; };
		ABF847B92906D25300A20CF7 /* FSNMAuth.swift */ = {isa = PBXFileReference; lastKnownFileType = sourcecode.swift; path = FSNMAuth.swift; sourceTree = "<group>"; };
		ABF847BB2906D8D300A20CF7 /* FSNMAuthView.swift */ = {isa = PBXFileReference; lastKnownFileType = sourcecode.swift; path = FSNMAuthView.swift; sourceTree = "<group>"; };
		ABF847BD2906E18700A20CF7 /* FSNMAuthURLTests.swift */ = {isa = PBXFileReference; lastKnownFileType = sourcecode.swift; path = FSNMAuthURLTests.swift; sourceTree = "<group>"; };
		ABF847BF290811F200A20CF7 /* HTTPLibrary.swift */ = {isa = PBXFileReference; lastKnownFileType = sourcecode.swift; path = HTTPLibrary.swift; sourceTree = "<group>"; };
/* End PBXFileReference section */

/* Begin PBXFrameworksBuildPhase section */
		AB620E5E28FD482E00D144A7 /* Frameworks */ = {
			isa = PBXFrameworksBuildPhase;
			buildActionMask = 2147483647;
			files = (
			);
			runOnlyForDeploymentPostprocessing = 0;
		};
		AB93C66F28F85D1D00336E71 /* Frameworks */ = {
			isa = PBXFrameworksBuildPhase;
			buildActionMask = 2147483647;
			files = (
				AB1D134329057541003C7E3B /* Collections in Frameworks */,
				AB1D134529057541003C7E3B /* DequeModule in Frameworks */,
				AB1D134729057541003C7E3B /* OrderedCollections in Frameworks */,
			);
			runOnlyForDeploymentPostprocessing = 0;
		};
/* End PBXFrameworksBuildPhase section */

/* Begin PBXGroup section */
		AB1D134829058C65003C7E3B /* Generic */ = {
			isa = PBXGroup;
			children = (
				AB1D12D92903D1B8003C7E3B /* FSNMListView.swift */,
				AB1D133B29042AED003C7E3B /* FSNMDictElementView.swift */,
				AB1D12DB2903FAA5003C7E3B /* FSNMDictView.swift */,
				AB1D133D29042ED1003C7E3B /* FSNMInput.swift */,
			);
			path = Generic;
			sourceTree = "<group>";
		};
		AB620E6228FD482E00D144A7 /* OFFFolksonomyTests */ = {
			isa = PBXGroup;
			children = (
				ABE5103E290128E700706F7D /* Data */,
				AB620E6E28FD577500D144A7 /* URL */,
				AB620E6D28FD576D00D144A7 /* Network */,
			);
			path = OFFFolksonomyTests;
			sourceTree = "<group>";
		};
		AB620E6D28FD576D00D144A7 /* Network */ = {
			isa = PBXGroup;
			children = (
				ABE50A9828FF140400049C02 /* FSNMPingAPITest.swift */,
				ABE5102E290041C900706F7D /* FSNMKeysAPITest.swift */,
				ABE50AAA29003C4900049C02 /* FSNMProductsAPITest.swift */,
				ABE5103A2900676F00706F7D /* FSNMProductTagsAPITest.swift */,
				ABE510342900560F00706F7D /* FSNMProductTagVersionAPITest.swift */,
				ABE50AA42900058800049C02 /* FSNMStatsAPITest.swift */,
			);
			path = Network;
			sourceTree = "<group>";
		};
		AB620E6E28FD577500D144A7 /* URL */ = {
			isa = PBXGroup;
			children = (
				AB620E7528FD5EBC00D144A7 /* FSNMKeysURLTests.swift */,
				AB620E5B28FD478B00D144A7 /* FSNMPingURLTests.swift */,
				ABE380972917B5F7005C75ED /* FSNMDeleteURLTTests.swift */,
				ABE380992917C913005C75ED /* FSNMPostURLTests.swift */,
				ABF847BD2906E18700A20CF7 /* FSNMAuthURLTests.swift */,
				AB620E6F28FD58A900D144A7 /* FSNMProductsURLTests.swift */,
				AB620E7328FD5D5C00D144A7 /* FSNMProductTagsURLTests.swift */,
				AB620E7128FD598B00D144A7 /* FSNMProductTagHierarchyTests.swift */,
				AB620E7728FD631B00D144A7 /* FSNMProductTagVersionsURLTests.swift */,
				AB620E6B28FD570600D144A7 /* FSNMStatsURLTests.swift */,
			);
			path = URL;
			sourceTree = "<group>";
		};
		AB93C66928F85D1D00336E71 = {
			isa = PBXGroup;
			children = (
				AB93C68F28F941B400336E71 /* README.md */,
				AB93C67428F85D1D00336E71 /* OFFFolksonomy */,
				AB620E6228FD482E00D144A7 /* OFFFolksonomyTests */,
				AB93C67328F85D1D00336E71 /* Products */,
			);
			sourceTree = "<group>";
		};
		AB93C67328F85D1D00336E71 /* Products */ = {
			isa = PBXGroup;
			children = (
				AB93C67228F85D1D00336E71 /* OFFFolksonomy.app */,
				AB620E6128FD482E00D144A7 /* OFFFolksonomyTests.xctest */,
			);
			name = Products;
			sourceTree = "<group>";
		};
		AB93C67428F85D1D00336E71 /* OFFFolksonomy */ = {
			isa = PBXGroup;
			children = (
				ABE5101729003FBF00706F7D /* Folksonomy */,
				AB93C67528F85D1D00336E71 /* OFFFolksonomyApp.swift */,
				ABE50A9F28FFEBCE00049C02 /* Demo */,
				AB93C67928F85D1E00336E71 /* Assets.xcassets */,
				AB93C67B28F85D1E00336E71 /* Preview Content */,
			);
			path = OFFFolksonomy;
			sourceTree = "<group>";
		};
		AB93C67B28F85D1E00336E71 /* Preview Content */ = {
			isa = PBXGroup;
			children = (
				AB93C67C28F85D1E00336E71 /* Preview Assets.xcassets */,
			);
			path = "Preview Content";
			sourceTree = "<group>";
		};
		ABE50A9F28FFEBCE00049C02 /* Demo */ = {
			isa = PBXGroup;
			children = (
				ABE50AA028FFEBF000049C02 /* FSNMView.swift */,
				ABE380932916C249005C75ED /* FSNMDeleteView.swift */,
				AB1D134829058C65003C7E3B /* Generic */,
				ABF847BB2906D8D300A20CF7 /* FSNMAuthView.swift */,
				ABE50A9D28FFE69400049C02 /* FSNMPingView.swift */,
				ABE3808F2916B0A7005C75ED /* FSNMHelloView.swift */,
				AB6EB411290BC89500ED4322 /* FSNMPostProductTag.swift */,
				ABE5104A290173DA00706F7D /* FSNMKeys */,
				ABE5104D29018E2E00706F7D /* FSNMProducts */,
				ABE510552901968600706F7D /* FSNMProductTags */,
				ABE510522901913900706F7D /* FSNMProductTagVersions */,
				ABE510452901674500706F7D /* FSNMStats */,
			);
			path = Demo;
			sourceTree = "<group>";
		};
		ABE5101729003FBF00706F7D /* Folksonomy */ = {
			isa = PBXGroup;
			children = (
				ABE5101829003FBF00706F7D /* FSNM */,
				ABE5101E29003FBF00706F7D /* Required */,
			);
			path = Folksonomy;
			sourceTree = "<group>";
		};
		ABE5101829003FBF00706F7D /* FSNM */ = {
			isa = PBXGroup;
			children = (
				ABF847B92906D25300A20CF7 /* FSNMAuth.swift */,
				AB92329F290AE78D00B2BF15 /* FSNMPostProduct.swift */,
				ABE380952916C44E005C75ED /* FSNMDeleteTag.swift */,
				ABE5101A29003FBF00706F7D /* FSNMKeys.swift */,
				ABE5101C29003FBF00706F7D /* FSNMPing.swift */,
				ABE380912916B1BC005C75ED /* FSNMHello.swift */,
				ABE5101929003FBF00706F7D /* FSNMProducts.swift */,
				ABE5101B29003FBF00706F7D /* FSNMProductTags.swift */,
				ABE510322900441200706F7D /* FSNMProductTagVersions.swift */,
				ABE5101D29003FBF00706F7D /* FSNMStats.swift */,
			);
			path = FSNM;
			sourceTree = "<group>";
		};
		ABE5101E29003FBF00706F7D /* Required */ = {
			isa = PBXGroup;
			children = (
				ABE5102129003FBF00706F7D /* OFFAPI.swift */,
				AB1D12D72902A597003C7E3B /* FSNM.swift */,
				ABE5102229003FBF00706F7D /* OFFProductType.swift */,
				ABE5102329003FBF00706F7D /* OFFBarcode.swift */,
				ABF847BF290811F200A20CF7 /* HTTPLibrary.swift */,
				ABE3809B2917F765005C75ED /* FSNMPutTag.swift */,
				AB92329B2909762900B2BF15 /* AuthController.swift */,
			);
			path = Required;
			sourceTree = "<group>";
		};
		ABE5103E290128E700706F7D /* Data */ = {
			isa = PBXGroup;
			children = (
				ABE5103F2901298F00706F7D /* FSNMPingTest.swift */,
				ABE510412901326800706F7D /* FSNMStatsTest.swift */,
			);
			path = Data;
			sourceTree = "<group>";
		};
		ABE510452901674500706F7D /* FSNMStats */ = {
			isa = PBXGroup;
			children = (
				ABE50AA62900187600049C02 /* FSNMStatsOverView.swift */,
				ABE510462901675F00706F7D /* FSNMStatsKeyView.swift */,
				ABE51048290169C800706F7D /* FSNMStatsKeyValueView.swift */,
				AB92329D290A8B5000B2BF15 /* FSNMStatsOwnerView.swift */,
			);
			path = FSNMStats;
			sourceTree = "<group>";
		};
		ABE5104A290173DA00706F7D /* FSNMKeys */ = {
			isa = PBXGroup;
			children = (
				ABE51030290042F100706F7D /* FSNMKeysView.swift */,
				ABE5104B29017A0E00706F7D /* FSNMKeysOverView.swift */,
			);
			path = FSNMKeys;
			sourceTree = "<group>";
		};
		ABE5104D29018E2E00706F7D /* FSNMProducts */ = {
			isa = PBXGroup;
			children = (
				ABE50AAC29003D3C00049C02 /* FSNMProductsKeyView.swift */,
				ABE510502901901400706F7D /* FSNMProductsKeyValueView.swift */,
				ABE5104E29018E5400706F7D /* FSNMProductsOverView.swift */,
			);
			path = FSNMProducts;
			sourceTree = "<group>";
		};
		ABE510522901913900706F7D /* FSNMProductTagVersions */ = {
			isa = PBXGroup;
			children = (
				ABE5103829005F4700706F7D /* FSNMProductTagVersionsView.swift */,
				ABE510532901915D00706F7D /* FSNMProductTagVersionsOverView.swift */,
			);
			path = FSNMProductTagVersions;
			sourceTree = "<group>";
		};
		ABE510552901968600706F7D /* FSNMProductTags */ = {
			isa = PBXGroup;
			children = (
				AB93C67728F85D1D00336E71 /* FSNMProductTagsView.swift */,
				AB1D12D529019E1B003C7E3B /* FSNMProductTagView.swift */,
				ABE51056290196AF00706F7D /* FSNMProductTagsOverView.swift */,
			);
			path = FSNMProductTags;
			sourceTree = "<group>";
		};
/* End PBXGroup section */

/* Begin PBXNativeTarget section */
		AB620E6028FD482E00D144A7 /* OFFFolksonomyTests */ = {
			isa = PBXNativeTarget;
			buildConfigurationList = AB620E6728FD482E00D144A7 /* Build configuration list for PBXNativeTarget "OFFFolksonomyTests" */;
			buildPhases = (
				AB620E5D28FD482E00D144A7 /* Sources */,
				AB620E5E28FD482E00D144A7 /* Frameworks */,
				AB620E5F28FD482E00D144A7 /* Resources */,
			);
			buildRules = (
			);
			dependencies = (
				AB620E6628FD482E00D144A7 /* PBXTargetDependency */,
			);
			name = OFFFolksonomyTests;
			productName = OFFFolksonomyTests;
			productReference = AB620E6128FD482E00D144A7 /* OFFFolksonomyTests.xctest */;
			productType = "com.apple.product-type.bundle.unit-test";
		};
		AB93C67128F85D1D00336E71 /* OFFFolksonomy */ = {
			isa = PBXNativeTarget;
			buildConfigurationList = AB93C68028F85D1E00336E71 /* Build configuration list for PBXNativeTarget "OFFFolksonomy" */;
			buildPhases = (
				AB93C66E28F85D1D00336E71 /* Sources */,
				AB93C66F28F85D1D00336E71 /* Frameworks */,
				AB93C67028F85D1D00336E71 /* Resources */,
			);
			buildRules = (
			);
			dependencies = (
			);
			name = OFFFolksonomy;
			packageProductDependencies = (
				AB1D134229057541003C7E3B /* Collections */,
				AB1D134429057541003C7E3B /* DequeModule */,
				AB1D134629057541003C7E3B /* OrderedCollections */,
			);
			productName = OFFFolksonomy;
			productReference = AB93C67228F85D1D00336E71 /* OFFFolksonomy.app */;
			productType = "com.apple.product-type.application";
		};
/* End PBXNativeTarget section */

/* Begin PBXProject section */
		AB93C66A28F85D1D00336E71 /* Project object */ = {
			isa = PBXProject;
			attributes = {
				BuildIndependentTargetsInParallel = 1;
				LastSwiftUpdateCheck = 1340;
				LastUpgradeCheck = 1340;
				TargetAttributes = {
					AB620E6028FD482E00D144A7 = {
						CreatedOnToolsVersion = 13.4.1;
						TestTargetID = AB93C67128F85D1D00336E71;
					};
					AB93C67128F85D1D00336E71 = {
						CreatedOnToolsVersion = 13.4.1;
					};
				};
			};
			buildConfigurationList = AB93C66D28F85D1D00336E71 /* Build configuration list for PBXProject "OFFFolksonomy" */;
			compatibilityVersion = "Xcode 13.0";
			developmentRegion = en;
			hasScannedForEncodings = 0;
			knownRegions = (
				en,
				Base,
			);
			mainGroup = AB93C66928F85D1D00336E71;
			packageReferences = (
				AB1D134129057541003C7E3B /* XCRemoteSwiftPackageReference "swift-collections" */,
			);
			productRefGroup = AB93C67328F85D1D00336E71 /* Products */;
			projectDirPath = "";
			projectRoot = "";
			targets = (
				AB93C67128F85D1D00336E71 /* OFFFolksonomy */,
				AB620E6028FD482E00D144A7 /* OFFFolksonomyTests */,
			);
		};
/* End PBXProject section */

/* Begin PBXResourcesBuildPhase section */
		AB620E5F28FD482E00D144A7 /* Resources */ = {
			isa = PBXResourcesBuildPhase;
			buildActionMask = 2147483647;
			files = (
			);
			runOnlyForDeploymentPostprocessing = 0;
		};
		AB93C67028F85D1D00336E71 /* Resources */ = {
			isa = PBXResourcesBuildPhase;
			buildActionMask = 2147483647;
			files = (
				AB93C67D28F85D1E00336E71 /* Preview Assets.xcassets in Resources */,
				AB93C67A28F85D1E00336E71 /* Assets.xcassets in Resources */,
			);
			runOnlyForDeploymentPostprocessing = 0;
		};
/* End PBXResourcesBuildPhase section */

/* Begin PBXSourcesBuildPhase section */
		AB620E5D28FD482E00D144A7 /* Sources */ = {
			isa = PBXSourcesBuildPhase;
			buildActionMask = 2147483647;
			files = (
				ABE510422901326800706F7D /* FSNMStatsTest.swift in Sources */,
				ABE50AA52900058800049C02 /* FSNMStatsAPITest.swift in Sources */,
				ABF847BE2906E18700A20CF7 /* FSNMAuthURLTests.swift in Sources */,
				ABE380982917B5F7005C75ED /* FSNMDeleteURLTTests.swift in Sources */,
				ABE50AAB29003C4900049C02 /* FSNMProductsAPITest.swift in Sources */,
				ABE3809A2917C913005C75ED /* FSNMPostURLTests.swift in Sources */,
				ABE510402901298F00706F7D /* FSNMPingTest.swift in Sources */,
				AB620E7428FD5D5C00D144A7 /* FSNMProductTagsURLTests.swift in Sources */,
				ABE510352900560F00706F7D /* FSNMProductTagVersionAPITest.swift in Sources */,
				AB620E7028FD58A900D144A7 /* FSNMProductsURLTests.swift in Sources */,
				AB620E7228FD598B00D144A7 /* FSNMProductTagHierarchyTests.swift in Sources */,
				AB620E7628FD5EBC00D144A7 /* FSNMKeysURLTests.swift in Sources */,
				AB620E7828FD631B00D144A7 /* FSNMProductTagVersionsURLTests.swift in Sources */,
				ABE5103B2900676F00706F7D /* FSNMProductTagsAPITest.swift in Sources */,
				ABE5102F290041C900706F7D /* FSNMKeysAPITest.swift in Sources */,
				AB620E6A28FD483500D144A7 /* FSNMPingURLTests.swift in Sources */,
				ABE50A9928FF140400049C02 /* FSNMPingAPITest.swift in Sources */,
				AB620E6C28FD570600D144A7 /* FSNMStatsURLTests.swift in Sources */,
			);
			runOnlyForDeploymentPostprocessing = 0;
		};
		AB93C66E28F85D1D00336E71 /* Sources */ = {
			isa = PBXSourcesBuildPhase;
			buildActionMask = 2147483647;
			files = (
				ABE510512901901400706F7D /* FSNMProductsKeyValueView.swift in Sources */,
				ABE380942916C249005C75ED /* FSNMDeleteView.swift in Sources */,
				ABE380902916B0A7005C75ED /* FSNMHelloView.swift in Sources */,
				ABE50AA128FFEBF000049C02 /* FSNMView.swift in Sources */,
				ABF847C0290811F200A20CF7 /* HTTPLibrary.swift in Sources */,
				ABE5103929005F4700706F7D /* FSNMProductTagVersionsView.swift in Sources */,
				ABE510542901915D00706F7D /* FSNMProductTagVersionsOverView.swift in Sources */,
				AB1D133E29042ED1003C7E3B /* FSNMInput.swift in Sources */,
				ABE5102729003FBF00706F7D /* FSNMPing.swift in Sources */,
				ABE5104F29018E5400706F7D /* FSNMProductsOverView.swift in Sources */,
				ABE3809C2917F765005C75ED /* FSNMPutTag.swift in Sources */,
				AB1D12D629019E1B003C7E3B /* FSNMProductTagView.swift in Sources */,
				ABE5102C29003FBF00706F7D /* OFFProductType.swift in Sources */,
				AB92329E290A8B5000B2BF15 /* FSNMStatsOwnerView.swift in Sources */,
				ABE380922916B1BC005C75ED /* FSNMHello.swift in Sources */,
				ABF847BC2906D8D300A20CF7 /* FSNMAuthView.swift in Sources */,
				ABE5104C29017A0E00706F7D /* FSNMKeysOverView.swift in Sources */,
				AB92329C2909762900B2BF15 /* AuthController.swift in Sources */,
				ABE5104429013D2400706F7D /* FSNMKeys.swift in Sources */,
				AB9232A0290AE78D00B2BF15 /* FSNMPostProduct.swift in Sources */,
				AB1D12DC2903FAA5003C7E3B /* FSNMDictView.swift in Sources */,
				ABE510332900441200706F7D /* FSNMProductTagVersions.swift in Sources */,
				ABE5102429003FBF00706F7D /* FSNMProducts.swift in Sources */,
				ABE380962916C44E005C75ED /* FSNMDeleteTag.swift in Sources */,
				ABE510472901675F00706F7D /* FSNMStatsKeyView.swift in Sources */,
				ABE5102D29003FBF00706F7D /* OFFBarcode.swift in Sources */,
				ABE50A9E28FFE69400049C02 /* FSNMPingView.swift in Sources */,
				ABE5102629003FBF00706F7D /* FSNMProductTags.swift in Sources */,
				ABE5102B29003FBF00706F7D /* OFFAPI.swift in Sources */,
				ABE51049290169C800706F7D /* FSNMStatsKeyValueView.swift in Sources */,
				AB93C67828F85D1D00336E71 /* FSNMProductTagsView.swift in Sources */,
				ABF847BA2906D25300A20CF7 /* FSNMAuth.swift in Sources */,
				AB1D12DA2903D1B8003C7E3B /* FSNMListView.swift in Sources */,
				ABE51057290196AF00706F7D /* FSNMProductTagsOverView.swift in Sources */,
				ABE5102829003FBF00706F7D /* FSNMStats.swift in Sources */,
				AB1D133C29042AED003C7E3B /* FSNMDictElementView.swift in Sources */,
				AB1D12D82902A597003C7E3B /* FSNM.swift in Sources */,
				ABE51031290042F100706F7D /* FSNMKeysView.swift in Sources */,
				AB6EB412290BC89500ED4322 /* FSNMPostProductTag.swift in Sources */,
				ABE50AAD29003D3C00049C02 /* FSNMProductsKeyView.swift in Sources */,
				AB93C67628F85D1D00336E71 /* OFFFolksonomyApp.swift in Sources */,
				ABE50AA72900187600049C02 /* FSNMStatsOverView.swift in Sources */,
			);
			runOnlyForDeploymentPostprocessing = 0;
		};
/* End PBXSourcesBuildPhase section */

/* Begin PBXTargetDependency section */
		AB620E6628FD482E00D144A7 /* PBXTargetDependency */ = {
			isa = PBXTargetDependency;
			target = AB93C67128F85D1D00336E71 /* OFFFolksonomy */;
			targetProxy = AB620E6528FD482E00D144A7 /* PBXContainerItemProxy */;
		};
/* End PBXTargetDependency section */

/* Begin XCBuildConfiguration section */
		AB620E6828FD482E00D144A7 /* Debug */ = {
			isa = XCBuildConfiguration;
			buildSettings = {
				BUNDLE_LOADER = "$(TEST_HOST)";
				CODE_SIGN_STYLE = Automatic;
				CURRENT_PROJECT_VERSION = 1;
				DEVELOPMENT_TEAM = Q4FXMVWJ7V;
				GENERATE_INFOPLIST_FILE = YES;
				MARKETING_VERSION = 1.0;
				PRODUCT_BUNDLE_IDENTIFIER = com.sivas.hoveringabove.OFFFolksonomyTests;
				PRODUCT_NAME = "$(TARGET_NAME)";
				SWIFT_EMIT_LOC_STRINGS = NO;
				SWIFT_VERSION = 5.0;
				TARGETED_DEVICE_FAMILY = "1,2";
				TEST_HOST = "$(BUILT_PRODUCTS_DIR)/OFFFolksonomy.app/OFFFolksonomy";
			};
			name = Debug;
		};
		AB620E6928FD482E00D144A7 /* Release */ = {
			isa = XCBuildConfiguration;
			buildSettings = {
				BUNDLE_LOADER = "$(TEST_HOST)";
				CODE_SIGN_STYLE = Automatic;
				CURRENT_PROJECT_VERSION = 1;
				DEVELOPMENT_TEAM = Q4FXMVWJ7V;
				GENERATE_INFOPLIST_FILE = YES;
				MARKETING_VERSION = 1.0;
				PRODUCT_BUNDLE_IDENTIFIER = com.sivas.hoveringabove.OFFFolksonomyTests;
				PRODUCT_NAME = "$(TARGET_NAME)";
				SWIFT_EMIT_LOC_STRINGS = NO;
				SWIFT_VERSION = 5.0;
				TARGETED_DEVICE_FAMILY = "1,2";
				TEST_HOST = "$(BUILT_PRODUCTS_DIR)/OFFFolksonomy.app/OFFFolksonomy";
			};
			name = Release;
		};
		AB93C67E28F85D1E00336E71 /* Debug */ = {
			isa = XCBuildConfiguration;
			buildSettings = {
				ALWAYS_SEARCH_USER_PATHS = NO;
				CLANG_ANALYZER_NONNULL = YES;
				CLANG_ANALYZER_NUMBER_OBJECT_CONVERSION = YES_AGGRESSIVE;
				CLANG_CXX_LANGUAGE_STANDARD = "gnu++17";
				CLANG_ENABLE_MODULES = YES;
				CLANG_ENABLE_OBJC_ARC = YES;
				CLANG_ENABLE_OBJC_WEAK = YES;
				CLANG_WARN_BLOCK_CAPTURE_AUTORELEASING = YES;
				CLANG_WARN_BOOL_CONVERSION = YES;
				CLANG_WARN_COMMA = YES;
				CLANG_WARN_CONSTANT_CONVERSION = YES;
				CLANG_WARN_DEPRECATED_OBJC_IMPLEMENTATIONS = YES;
				CLANG_WARN_DIRECT_OBJC_ISA_USAGE = YES_ERROR;
				CLANG_WARN_DOCUMENTATION_COMMENTS = YES;
				CLANG_WARN_EMPTY_BODY = YES;
				CLANG_WARN_ENUM_CONVERSION = YES;
				CLANG_WARN_INFINITE_RECURSION = YES;
				CLANG_WARN_INT_CONVERSION = YES;
				CLANG_WARN_NON_LITERAL_NULL_CONVERSION = YES;
				CLANG_WARN_OBJC_IMPLICIT_RETAIN_SELF = YES;
				CLANG_WARN_OBJC_LITERAL_CONVERSION = YES;
				CLANG_WARN_OBJC_ROOT_CLASS = YES_ERROR;
				CLANG_WARN_QUOTED_INCLUDE_IN_FRAMEWORK_HEADER = YES;
				CLANG_WARN_RANGE_LOOP_ANALYSIS = YES;
				CLANG_WARN_STRICT_PROTOTYPES = YES;
				CLANG_WARN_SUSPICIOUS_MOVE = YES;
				CLANG_WARN_UNGUARDED_AVAILABILITY = YES_AGGRESSIVE;
				CLANG_WARN_UNREACHABLE_CODE = YES;
				CLANG_WARN__DUPLICATE_METHOD_MATCH = YES;
				COPY_PHASE_STRIP = NO;
				DEBUG_INFORMATION_FORMAT = dwarf;
				ENABLE_STRICT_OBJC_MSGSEND = YES;
				ENABLE_TESTABILITY = YES;
				GCC_C_LANGUAGE_STANDARD = gnu11;
				GCC_DYNAMIC_NO_PIC = NO;
				GCC_NO_COMMON_BLOCKS = YES;
				GCC_OPTIMIZATION_LEVEL = 0;
				GCC_PREPROCESSOR_DEFINITIONS = (
					"DEBUG=1",
					"$(inherited)",
				);
				GCC_WARN_64_TO_32_BIT_CONVERSION = YES;
				GCC_WARN_ABOUT_RETURN_TYPE = YES_ERROR;
				GCC_WARN_UNDECLARED_SELECTOR = YES;
				GCC_WARN_UNINITIALIZED_AUTOS = YES_AGGRESSIVE;
				GCC_WARN_UNUSED_FUNCTION = YES;
				GCC_WARN_UNUSED_VARIABLE = YES;
				IPHONEOS_DEPLOYMENT_TARGET = 15.0;
				MTL_ENABLE_DEBUG_INFO = INCLUDE_SOURCE;
				MTL_FAST_MATH = YES;
				ONLY_ACTIVE_ARCH = YES;
				SDKROOT = iphoneos;
				SWIFT_ACTIVE_COMPILATION_CONDITIONS = DEBUG;
				SWIFT_OPTIMIZATION_LEVEL = "-Onone";
			};
			name = Debug;
		};
		AB93C67F28F85D1E00336E71 /* Release */ = {
			isa = XCBuildConfiguration;
			buildSettings = {
				ALWAYS_SEARCH_USER_PATHS = NO;
				CLANG_ANALYZER_NONNULL = YES;
				CLANG_ANALYZER_NUMBER_OBJECT_CONVERSION = YES_AGGRESSIVE;
				CLANG_CXX_LANGUAGE_STANDARD = "gnu++17";
				CLANG_ENABLE_MODULES = YES;
				CLANG_ENABLE_OBJC_ARC = YES;
				CLANG_ENABLE_OBJC_WEAK = YES;
				CLANG_WARN_BLOCK_CAPTURE_AUTORELEASING = YES;
				CLANG_WARN_BOOL_CONVERSION = YES;
				CLANG_WARN_COMMA = YES;
				CLANG_WARN_CONSTANT_CONVERSION = YES;
				CLANG_WARN_DEPRECATED_OBJC_IMPLEMENTATIONS = YES;
				CLANG_WARN_DIRECT_OBJC_ISA_USAGE = YES_ERROR;
				CLANG_WARN_DOCUMENTATION_COMMENTS = YES;
				CLANG_WARN_EMPTY_BODY = YES;
				CLANG_WARN_ENUM_CONVERSION = YES;
				CLANG_WARN_INFINITE_RECURSION = YES;
				CLANG_WARN_INT_CONVERSION = YES;
				CLANG_WARN_NON_LITERAL_NULL_CONVERSION = YES;
				CLANG_WARN_OBJC_IMPLICIT_RETAIN_SELF = YES;
				CLANG_WARN_OBJC_LITERAL_CONVERSION = YES;
				CLANG_WARN_OBJC_ROOT_CLASS = YES_ERROR;
				CLANG_WARN_QUOTED_INCLUDE_IN_FRAMEWORK_HEADER = YES;
				CLANG_WARN_RANGE_LOOP_ANALYSIS = YES;
				CLANG_WARN_STRICT_PROTOTYPES = YES;
				CLANG_WARN_SUSPICIOUS_MOVE = YES;
				CLANG_WARN_UNGUARDED_AVAILABILITY = YES_AGGRESSIVE;
				CLANG_WARN_UNREACHABLE_CODE = YES;
				CLANG_WARN__DUPLICATE_METHOD_MATCH = YES;
				COPY_PHASE_STRIP = NO;
				DEBUG_INFORMATION_FORMAT = "dwarf-with-dsym";
				ENABLE_NS_ASSERTIONS = NO;
				ENABLE_STRICT_OBJC_MSGSEND = YES;
				GCC_C_LANGUAGE_STANDARD = gnu11;
				GCC_NO_COMMON_BLOCKS = YES;
				GCC_WARN_64_TO_32_BIT_CONVERSION = YES;
				GCC_WARN_ABOUT_RETURN_TYPE = YES_ERROR;
				GCC_WARN_UNDECLARED_SELECTOR = YES;
				GCC_WARN_UNINITIALIZED_AUTOS = YES_AGGRESSIVE;
				GCC_WARN_UNUSED_FUNCTION = YES;
				GCC_WARN_UNUSED_VARIABLE = YES;
				IPHONEOS_DEPLOYMENT_TARGET = 15.0;
				MTL_ENABLE_DEBUG_INFO = NO;
				MTL_FAST_MATH = YES;
				SDKROOT = iphoneos;
				SWIFT_COMPILATION_MODE = wholemodule;
				SWIFT_OPTIMIZATION_LEVEL = "-O";
				VALIDATE_PRODUCT = YES;
			};
			name = Release;
		};
		AB93C68128F85D1E00336E71 /* Debug */ = {
			isa = XCBuildConfiguration;
			buildSettings = {
				ASSETCATALOG_COMPILER_APPICON_NAME = AppIcon;
				ASSETCATALOG_COMPILER_GLOBAL_ACCENT_COLOR_NAME = AccentColor;
				CODE_SIGN_STYLE = Automatic;
				CURRENT_PROJECT_VERSION = 1;
				DEVELOPMENT_ASSET_PATHS = "\"OFFFolksonomy/Preview Content\"";
				DEVELOPMENT_TEAM = Q4FXMVWJ7V;
				ENABLE_PREVIEWS = YES;
				GENERATE_INFOPLIST_FILE = YES;
				INFOPLIST_KEY_UIApplicationSceneManifest_Generation = YES;
				INFOPLIST_KEY_UIApplicationSupportsIndirectInputEvents = YES;
				INFOPLIST_KEY_UILaunchScreen_Generation = YES;
				INFOPLIST_KEY_UISupportedInterfaceOrientations_iPad = "UIInterfaceOrientationPortrait UIInterfaceOrientationPortraitUpsideDown UIInterfaceOrientationLandscapeLeft UIInterfaceOrientationLandscapeRight";
				INFOPLIST_KEY_UISupportedInterfaceOrientations_iPhone = "UIInterfaceOrientationPortrait UIInterfaceOrientationLandscapeLeft UIInterfaceOrientationLandscapeRight";
				LD_RUNPATH_SEARCH_PATHS = (
					"$(inherited)",
					"@executable_path/Frameworks",
				);
				MARKETING_VERSION = 1.0;
				PRODUCT_BUNDLE_IDENTIFIER = com.sivas.hoveringabove.OFFFolksonomy;
				PRODUCT_NAME = "$(TARGET_NAME)";
				SWIFT_EMIT_LOC_STRINGS = YES;
				SWIFT_VERSION = 5.0;
				TARGETED_DEVICE_FAMILY = "1,2";
			};
			name = Debug;
		};
		AB93C68228F85D1E00336E71 /* Release */ = {
			isa = XCBuildConfiguration;
			buildSettings = {
				ASSETCATALOG_COMPILER_APPICON_NAME = AppIcon;
				ASSETCATALOG_COMPILER_GLOBAL_ACCENT_COLOR_NAME = AccentColor;
				CODE_SIGN_STYLE = Automatic;
				CURRENT_PROJECT_VERSION = 1;
				DEVELOPMENT_ASSET_PATHS = "\"OFFFolksonomy/Preview Content\"";
				DEVELOPMENT_TEAM = Q4FXMVWJ7V;
				ENABLE_PREVIEWS = YES;
				GENERATE_INFOPLIST_FILE = YES;
				INFOPLIST_KEY_UIApplicationSceneManifest_Generation = YES;
				INFOPLIST_KEY_UIApplicationSupportsIndirectInputEvents = YES;
				INFOPLIST_KEY_UILaunchScreen_Generation = YES;
				INFOPLIST_KEY_UISupportedInterfaceOrientations_iPad = "UIInterfaceOrientationPortrait UIInterfaceOrientationPortraitUpsideDown UIInterfaceOrientationLandscapeLeft UIInterfaceOrientationLandscapeRight";
				INFOPLIST_KEY_UISupportedInterfaceOrientations_iPhone = "UIInterfaceOrientationPortrait UIInterfaceOrientationLandscapeLeft UIInterfaceOrientationLandscapeRight";
				LD_RUNPATH_SEARCH_PATHS = (
					"$(inherited)",
					"@executable_path/Frameworks",
				);
				MARKETING_VERSION = 1.0;
				PRODUCT_BUNDLE_IDENTIFIER = com.sivas.hoveringabove.OFFFolksonomy;
				PRODUCT_NAME = "$(TARGET_NAME)";
				SWIFT_EMIT_LOC_STRINGS = YES;
				SWIFT_VERSION = 5.0;
				TARGETED_DEVICE_FAMILY = "1,2";
			};
			name = Release;
		};
/* End XCBuildConfiguration section */

/* Begin XCConfigurationList section */
		AB620E6728FD482E00D144A7 /* Build configuration list for PBXNativeTarget "OFFFolksonomyTests" */ = {
			isa = XCConfigurationList;
			buildConfigurations = (
				AB620E6828FD482E00D144A7 /* Debug */,
				AB620E6928FD482E00D144A7 /* Release */,
			);
			defaultConfigurationIsVisible = 0;
			defaultConfigurationName = Release;
		};
		AB93C66D28F85D1D00336E71 /* Build configuration list for PBXProject "OFFFolksonomy" */ = {
			isa = XCConfigurationList;
			buildConfigurations = (
				AB93C67E28F85D1E00336E71 /* Debug */,
				AB93C67F28F85D1E00336E71 /* Release */,
			);
			defaultConfigurationIsVisible = 0;
			defaultConfigurationName = Release;
		};
		AB93C68028F85D1E00336E71 /* Build configuration list for PBXNativeTarget "OFFFolksonomy" */ = {
			isa = XCConfigurationList;
			buildConfigurations = (
				AB93C68128F85D1E00336E71 /* Debug */,
				AB93C68228F85D1E00336E71 /* Release */,
			);
			defaultConfigurationIsVisible = 0;
			defaultConfigurationName = Release;
		};
/* End XCConfigurationList section */

/* Begin XCRemoteSwiftPackageReference section */
		AB1D134129057541003C7E3B /* XCRemoteSwiftPackageReference "swift-collections" */ = {
			isa = XCRemoteSwiftPackageReference;
			repositoryURL = "https://github.com/apple/swift-collections.git";
			requirement = {
				kind = upToNextMajorVersion;
				minimumVersion = 1.0.0;
			};
		};
/* End XCRemoteSwiftPackageReference section */

/* Begin XCSwiftPackageProductDependency section */
		AB1D134229057541003C7E3B /* Collections */ = {
			isa = XCSwiftPackageProductDependency;
			package = AB1D134129057541003C7E3B /* XCRemoteSwiftPackageReference "swift-collections" */;
			productName = Collections;
		};
		AB1D134429057541003C7E3B /* DequeModule */ = {
			isa = XCSwiftPackageProductDependency;
			package = AB1D134129057541003C7E3B /* XCRemoteSwiftPackageReference "swift-collections" */;
			productName = DequeModule;
		};
		AB1D134629057541003C7E3B /* OrderedCollections */ = {
			isa = XCSwiftPackageProductDependency;
			package = AB1D134129057541003C7E3B /* XCRemoteSwiftPackageReference "swift-collections" */;
			productName = OrderedCollections;
		};
/* End XCSwiftPackageProductDependency section */
	};
	rootObject = AB93C66A28F85D1D00336E71 /* Project object */;
}
